
Microsoft Visual Studio Solution File, Format Version 12.00
Project("{FAE04EC0-301F-11D3-BF4B-00C04F79EFBC}") = "Microsoft95Keygen", "Microsoft95Keygen\Microsoft95Keygen.csproj", "{6A60FECE-8455-4228-A6DF-3E7C81049A10}"
EndProject
Project("{FAE04EC0-301F-11D3-BF4B-00C04F79EFBC}") = "Tests", "Tests\Tests.csproj", "{D8524BF8-4D43-4BA7-949D-142DE6DA7987}"
EndProject
Global
	GlobalSection(SolutionConfigurationPlatforms) = preSolution
		Debug|Any CPU = Debug|Any CPU
		Release|Any CPU = Release|Any CPU
	EndGlobalSection
	GlobalSection(ProjectConfigurationPlatforms) = postSolution
		{6A60FECE-8455-4228-A6DF-3E7C81049A10}.Debug|Any CPU.ActiveCfg = Debug|Any CPU
		{6A60FECE-8455-4228-A6DF-3E7C81049A10}.Debug|Any CPU.Build.0 = Debug|Any CPU
		{6A60FECE-8455-4228-A6DF-3E7C81049A10}.Release|Any CPU.ActiveCfg = Release|Any CPU
		{6A60FECE-8455-4228-A6DF-3E7C81049A10}.Release|Any CPU.Build.0 = Release|Any CPU
		{D8524BF8-4D43-4BA7-949D-142DE6DA7987}.Debug|Any CPU.ActiveCfg = Debug|Any CPU
		{D8524BF8-4D43-4BA7-949D-142DE6DA7987}.Debug|Any CPU.Build.0 = Debug|Any CPU
		{D8524BF8-4D43-4BA7-949D-142DE6DA7987}.Release|Any CPU.ActiveCfg = Release|Any CPU
		{D8524BF8-4D43-4BA7-949D-142DE6DA7987}.Release|Any CPU.Build.0 = Release|Any CPU
	EndGlobalSection
EndGlobal
